// !$*UTF8*$!
{
	archiveVersion = 1;
	classes = {
	};
	objectVersion = 46;
	objects = {

/* Begin PBXBuildFile section */
		20609FA81A6EC4F0002CCC88 /* AppDelegate.swift in Sources */ = {isa = PBXBuildFile; fileRef = 20609FA71A6EC4F0002CCC88 /* AppDelegate.swift */; };
		20609FAB1A6EC4F0002CCC88 /* NextTimers.xcdatamodeld in Sources */ = {isa = PBXBuildFile; fileRef = 20609FA91A6EC4F0002CCC88 /* NextTimers.xcdatamodeld */; };
		20609FAD1A6EC4F0002CCC88 /* ViewController.swift in Sources */ = {isa = PBXBuildFile; fileRef = 20609FAC1A6EC4F0002CCC88 /* ViewController.swift */; };
		20609FB01A6EC4F0002CCC88 /* Main.storyboard in Resources */ = {isa = PBXBuildFile; fileRef = 20609FAE1A6EC4F0002CCC88 /* Main.storyboard */; };
		20609FB21A6EC4F0002CCC88 /* Images.xcassets in Resources */ = {isa = PBXBuildFile; fileRef = 20609FB11A6EC4F0002CCC88 /* Images.xcassets */; };
		20609FB51A6EC4F0002CCC88 /* LaunchScreen.xib in Resources */ = {isa = PBXBuildFile; fileRef = 20609FB31A6EC4F0002CCC88 /* LaunchScreen.xib */; };
		20609FC11A6EC4F0002CCC88 /* NextTimersTests.swift in Sources */ = {isa = PBXBuildFile; fileRef = 20609FC01A6EC4F0002CCC88 /* NextTimersTests.swift */; };
/* End PBXBuildFile section */

/* Begin PBXContainerItemProxy section */
		20609FBB1A6EC4F0002CCC88 /* PBXContainerItemProxy */ = {
			isa = PBXContainerItemProxy;
			containerPortal = 20609F9A1A6EC4F0002CCC88 /* Project object */;
			proxyType = 1;
			remoteGlobalIDString = 20609FA11A6EC4F0002CCC88;
			remoteInfo = NextTimers;
		};
/* End PBXContainerItemProxy section */

/* Begin PBXFileReference section */
		20609FA21A6EC4F0002CCC88 /* NextTimers.app */ = {isa = PBXFileReference; explicitFileType = wrapper.application; includeInIndex = 0; path = NextTimers.app; sourceTree = BUILT_PRODUCTS_DIR; };
		20609FA61A6EC4F0002CCC88 /* Info.plist */ = {isa = PBXFileReference; lastKnownFileType = text.plist.xml; path = Info.plist; sourceTree = "<group>"; };
		20609FA71A6EC4F0002CCC88 /* AppDelegate.swift */ = {isa = PBXFileReference; lastKnownFileType = sourcecode.swift; path = AppDelegate.swift; sourceTree = "<group>"; };
		20609FAA1A6EC4F0002CCC88 /* NextTimers.xcdatamodel */ = {isa = PBXFileReference; lastKnownFileType = wrapper.xcdatamodel; path = NextTimers.xcdatamodel; sourceTree = "<group>"; };
		20609FAC1A6EC4F0002CCC88 /* ViewController.swift */ = {isa = PBXFileReference; lastKnownFileType = sourcecode.swift; path = ViewController.swift; sourceTree = "<group>"; };
		20609FAF1A6EC4F0002CCC88 /* Base */ = {isa = PBXFileReference; lastKnownFileType = file.storyboard; name = Base; path = Base.lproj/Main.storyboard; sourceTree = "<group>"; };
		20609FB11A6EC4F0002CCC88 /* Images.xcassets */ = {isa = PBXFileReference; lastKnownFileType = folder.assetcatalog; path = Images.xcassets; sourceTree = "<group>"; };
		20609FB41A6EC4F0002CCC88 /* Base */ = {isa = PBXFileReference; lastKnownFileType = file.xib; name = Base; path = Base.lproj/LaunchScreen.xib; sourceTree = "<group>"; };
		20609FBA1A6EC4F0002CCC88 /* NextTimersTests.xctest */ = {isa = PBXFileReference; explicitFileType = wrapper.cfbundle; includeInIndex = 0; path = NextTimersTests.xctest; sourceTree = BUILT_PRODUCTS_DIR; };
		20609FBF1A6EC4F0002CCC88 /* Info.plist */ = {isa = PBXFileReference; lastKnownFileType = text.plist.xml; path = Info.plist; sourceTree = "<group>"; };
		20609FC01A6EC4F0002CCC88 /* NextTimersTests.swift */ = {isa = PBXFileReference; lastKnownFileType = sourcecode.swift; path = NextTimersTests.swift; sourceTree = "<group>"; };
/* End PBXFileReference section */

/* Begin PBXFrameworksBuildPhase section */
		20609F9F1A6EC4F0002CCC88 /* Frameworks */ = {
			isa = PBXFrameworksBuildPhase;
			buildActionMask = 2147483647;
			files = (
			);
			runOnlyForDeploymentPostprocessing = 0;
		};
		20609FB71A6EC4F0002CCC88 /* Frameworks */ = {
			isa = PBXFrameworksBuildPhase;
			buildActionMask = 2147483647;
			files = (
			);
			runOnlyForDeploymentPostprocessing = 0;
		};
/* End PBXFrameworksBuildPhase section */

/* Begin PBXGroup section */
		20609F991A6EC4F0002CCC88 = {
			isa = PBXGroup;
			children = (
				20609FA41A6EC4F0002CCC88 /* NextTimers */,
				20609FBD1A6EC4F0002CCC88 /* NextTimersTests */,
				20609FA31A6EC4F0002CCC88 /* Products */,
			);
			sourceTree = "<group>";
		};
		20609FA31A6EC4F0002CCC88 /* Products */ = {
			isa = PBXGroup;
			children = (
				20609FA21A6EC4F0002CCC88 /* NextTimers.app */,
				20609FBA1A6EC4F0002CCC88 /* NextTimersTests.xctest */,
			);
			name = Products;
			sourceTree = "<group>";
		};
		20609FA41A6EC4F0002CCC88 /* NextTimers */ = {
			isa = PBXGroup;
			children = (
				20609FA71A6EC4F0002CCC88 /* AppDelegate.swift */,
				20609FAC1A6EC4F0002CCC88 /* ViewController.swift */,
				20609FAE1A6EC4F0002CCC88 /* Main.storyboard */,
				20609FB11A6EC4F0002CCC88 /* Images.xcassets */,
				20609FB31A6EC4F0002CCC88 /* LaunchScreen.xib */,
				20609FA91A6EC4F0002CCC88 /* NextTimers.xcdatamodeld */,
				20609FA51A6EC4F0002CCC88 /* Supporting Files */,
			);
			path = NextTimers;
			sourceTree = "<group>";
		};
		20609FA51A6EC4F0002CCC88 /* Supporting Files */ = {
			isa = PBXGroup;
			children = (
				20609FA61A6EC4F0002CCC88 /* Info.plist */,
			);
			name = "Supporting Files";
			sourceTree = "<group>";
		};
		20609FBD1A6EC4F0002CCC88 /* NextTimersTests */ = {
			isa = PBXGroup;
			children = (
				20609FC01A6EC4F0002CCC88 /* NextTimersTests.swift */,
				20609FBE1A6EC4F0002CCC88 /* Supporting Files */,
			);
			path = NextTimersTests;
			sourceTree = "<group>";
		};
		20609FBE1A6EC4F0002CCC88 /* Supporting Files */ = {
			isa = PBXGroup;
			children = (
				20609FBF1A6EC4F0002CCC88 /* Info.plist */,
			);
			name = "Supporting Files";
			sourceTree = "<group>";
		};
/* End PBXGroup section */

/* Begin PBXNativeTarget section */
		20609FA11A6EC4F0002CCC88 /* NextTimers */ = {
			isa = PBXNativeTarget;
			buildConfigurationList = 20609FC41A6EC4F0002CCC88 /* Build configuration list for PBXNativeTarget "NextTimers" */;
			buildPhases = (
				20609F9E1A6EC4F0002CCC88 /* Sources */,
				20609F9F1A6EC4F0002CCC88 /* Frameworks */,
				20609FA01A6EC4F0002CCC88 /* Resources */,
			);
			buildRules = (
			);
			dependencies = (
			);
			name = NextTimers;
			productName = NextTimers;
			productReference = 20609FA21A6EC4F0002CCC88 /* NextTimers.app */;
			productType = "com.apple.product-type.application";
		};
		20609FB91A6EC4F0002CCC88 /* NextTimersTests */ = {
			isa = PBXNativeTarget;
			buildConfigurationList = 20609FC71A6EC4F0002CCC88 /* Build configuration list for PBXNativeTarget "NextTimersTests" */;
			buildPhases = (
				20609FB61A6EC4F0002CCC88 /* Sources */,
				20609FB71A6EC4F0002CCC88 /* Frameworks */,
				20609FB81A6EC4F0002CCC88 /* Resources */,
			);
			buildRules = (
			);
			dependencies = (
				20609FBC1A6EC4F0002CCC88 /* PBXTargetDependency */,
			);
			name = NextTimersTests;
			productName = NextTimersTests;
			productReference = 20609FBA1A6EC4F0002CCC88 /* NextTimersTests.xctest */;
			productType = "com.apple.product-type.bundle.unit-test";
		};
/* End PBXNativeTarget section */

/* Begin PBXProject section */
		20609F9A1A6EC4F0002CCC88 /* Project object */ = {
			isa = PBXProject;
			attributes = {
				LastUpgradeCheck = 0610;
				ORGANIZATIONNAME = Dandanellfoto;
				TargetAttributes = {
					20609FA11A6EC4F0002CCC88 = {
						CreatedOnToolsVersion = 6.1.1;
					};
					20609FB91A6EC4F0002CCC88 = {
						CreatedOnToolsVersion = 6.1.1;
						TestTargetID = 20609FA11A6EC4F0002CCC88;
					};
				};
			};
			buildConfigurationList = 20609F9D1A6EC4F0002CCC88 /* Build configuration list for PBXProject "NextTimers" */;
			compatibilityVersion = "Xcode 3.2";
			developmentRegion = English;
			hasScannedForEncodings = 0;
			knownRegions = (
				en,
				Base,
			);
			mainGroup = 20609F991A6EC4F0002CCC88;
			productRefGroup = 20609FA31A6EC4F0002CCC88 /* Products */;
			projectDirPath = "";
			projectRoot = "";
			targets = (
				20609FA11A6EC4F0002CCC88 /* NextTimers */,
				20609FB91A6EC4F0002CCC88 /* NextTimersTests */,
			);
		};
/* End PBXProject section */

/* Begin PBXResourcesBuildPhase section */
		20609FA01A6EC4F0002CCC88 /* Resources */ = {
			isa = PBXResourcesBuildPhase;
			buildActionMask = 2147483647;
			files = (
				20609FB01A6EC4F0002CCC88 /* Main.storyboard in Resources */,
				20609FB51A6EC4F0002CCC88 /* LaunchScreen.xib in Resources */,
				20609FB21A6EC4F0002CCC88 /* Images.xcassets in Resources */,
			);
			runOnlyForDeploymentPostprocessing = 0;
		};
		20609FB81A6EC4F0002CCC88 /* Resources */ = {
			isa = PBXResourcesBuildPhase;
			buildActionMask = 2147483647;
			files = (
			);
			runOnlyForDeploymentPostprocessing = 0;
		};
/* End PBXResourcesBuildPhase section */

/* Begin PBXSourcesBuildPhase section */
		20609F9E1A6EC4F0002CCC88 /* Sources */ = {
			isa = PBXSourcesBuildPhase;
			buildActionMask = 2147483647;
			files = (
				20609FAD1A6EC4F0002CCC88 /* ViewController.swift in Sources */,
				20609FAB1A6EC4F0002CCC88 /* NextTimers.xcdatamodeld in Sources */,
				20609FA81A6EC4F0002CCC88 /* AppDelegate.swift in Sources */,
			);
			runOnlyForDeploymentPostprocessing = 0;
		};
		20609FB61A6EC4F0002CCC88 /* Sources */ = {
			isa = PBXSourcesBuildPhase;
			buildActionMask = 2147483647;
			files = (
				20609FC11A6EC4F0002CCC88 /* NextTimersTests.swift in Sources */,
			);
			runOnlyForDeploymentPostprocessing = 0;
		};
/* End PBXSourcesBuildPhase section */

/* Begin PBXTargetDependency section */
		20609FBC1A6EC4F0002CCC88 /* PBXTargetDependency */ = {
			isa = PBXTargetDependency;
			target = 20609FA11A6EC4F0002CCC88 /* NextTimers */;
			targetProxy = 20609FBB1A6EC4F0002CCC88 /* PBXContainerItemProxy */;
		};
/* End PBXTargetDependency section */

/* Begin PBXVariantGroup section */
		20609FAE1A6EC4F0002CCC88 /* Main.storyboard */ = {
			isa = PBXVariantGroup;
			children = (
				20609FAF1A6EC4F0002CCC88 /* Base */,
			);
			name = Main.storyboard;
			sourceTree = "<group>";
		};
		20609FB31A6EC4F0002CCC88 /* LaunchScreen.xib */ = {
			isa = PBXVariantGroup;
			children = (
				20609FB41A6EC4F0002CCC88 /* Base */,
			);
			name = LaunchScreen.xib;
			sourceTree = "<group>";
		};
/* End PBXVariantGroup section */

/* Begin XCBuildConfiguration section */
		20609FC21A6EC4F0002CCC88 /* Debug */ = {
			isa = XCBuildConfiguration;
			buildSettings = {
				ALWAYS_SEARCH_USER_PATHS = NO;
				CLANG_CXX_LANGUAGE_STANDARD = "gnu++0x";
				CLANG_CXX_LIBRARY = "libc++";
				CLANG_ENABLE_MODULES = YES;
				CLANG_ENABLE_OBJC_ARC = YES;
				CLANG_WARN_BOOL_CONVERSION = YES;
				CLANG_WARN_CONSTANT_CONVERSION = YES;
				CLANG_WARN_DIRECT_OBJC_ISA_USAGE = YES_ERROR;
				CLANG_WARN_EMPTY_BODY = YES;
				CLANG_WARN_ENUM_CONVERSION = YES;
				CLANG_WARN_INT_CONVERSION = YES;
				CLANG_WARN_OBJC_ROOT_CLASS = YES_ERROR;
				CLANG_WARN_UNREACHABLE_CODE = YES;
				CLANG_WARN__DUPLICATE_METHOD_MATCH = YES;
				"CODE_SIGN_IDENTITY[sdk=iphoneos*]" = "iPhone Developer";
				COPY_PHASE_STRIP = NO;
				ENABLE_STRICT_OBJC_MSGSEND = YES;
				GCC_C_LANGUAGE_STANDARD = gnu99;
				GCC_DYNAMIC_NO_PIC = NO;
				GCC_OPTIMIZATION_LEVEL = 0;
				GCC_PREPROCESSOR_DEFINITIONS = (
					"DEBUG=1",
					"$(inherited)",
				);
				GCC_SYMBOLS_PRIVATE_EXTERN = NO;
				GCC_WARN_64_TO_32_BIT_CONVERSION = YES;
				GCC_WARN_ABOUT_RETURN_TYPE = YES_ERROR;
				GCC_WARN_UNDECLARED_SELECTOR = YES;
				GCC_WARN_UNINITIALIZED_AUTOS = YES_AGGRESSIVE;
				GCC_WARN_UNUSED_FUNCTION = YES;
				GCC_WARN_UNUSED_VARIABLE = YES;
				IPHONEOS_DEPLOYMENT_TARGET = 8.1;
				MTL_ENABLE_DEBUG_INFO = YES;
				ONLY_ACTIVE_ARCH = YES;
				SDKROOT = iphoneos;
				SWIFT_OPTIMIZATION_LEVEL = "-Onone";
			};
			name = Debug;
		};
		20609FC31A6EC4F0002CCC88 /* Release */ = {
			isa = XCBuildConfiguration;
			buildSettings = {
				ALWAYS_SEARCH_USER_PATHS = NO;
				CLANG_CXX_LANGUAGE_STANDARD = "gnu++0x";
				CLANG_CXX_LIBRARY = "libc++";
				CLANG_ENABLE_MODULES = YES;
				CLANG_ENABLE_OBJC_ARC = YES;
				CLANG_WARN_BOOL_CONVERSION = YES;
				CLANG_WARN_CONSTANT_CONVERSION = YES;
				CLANG_WARN_DIRECT_OBJC_ISA_USAGE = YES_ERROR;
				CLANG_WARN_EMPTY_BODY = YES;
				CLANG_WARN_ENUM_CONVERSION = YES;
				CLANG_WARN_INT_CONVERSION = YES;
				CLANG_WARN_OBJC_ROOT_CLASS = YES_ERROR;
				CLANG_WARN_UNREACHABLE_CODE = YES;
				CLANG_WARN__DUPLICATE_METHOD_MATCH = YES;
				"CODE_SIGN_IDENTITY[sdk=iphoneos*]" = "iPhone Developer";
				COPY_PHASE_STRIP = YES;
				ENABLE_NS_ASSERTIONS = NO;
				ENABLE_STRICT_OBJC_MSGSEND = YES;
				GCC_C_LANGUAGE_STANDARD = gnu99;
				GCC_WARN_64_TO_32_BIT_CONVERSION = YES;
				GCC_WARN_ABOUT_RETURN_TYPE = YES_ERROR;
				GCC_WARN_UNDECLARED_SELECTOR = YES;
				GCC_WARN_UNINITIALIZED_AUTOS = YES_AGGRESSIVE;
				GCC_WARN_UNUSED_FUNCTION = YES;
				GCC_WARN_UNUSED_VARIABLE = YES;
				IPHONEOS_DEPLOYMENT_TARGET = 8.1;
				MTL_ENABLE_DEBUG_INFO = NO;
				SDKROOT = iphoneos;
				VALIDATE_PRODUCT = YES;
			};
			name = Release;
		};
		20609FC51A6EC4F0002CCC88 /* Debug */ = {
			isa = XCBuildConfiguration;
			buildSettings = {
				ASSETCATALOG_COMPILER_APPICON_NAME = AppIcon;
				INFOPLIST_FILE = NextTimers/Info.plist;
				LD_RUNPATH_SEARCH_PATHS = "$(inherited) @executable_path/Frameworks";
				PRODUCT_NAME = "$(TARGET_NAME)";
			};
			name = Debug;
		};
		20609FC61A6EC4F0002CCC88 /* Release */ = {
			isa = XCBuildConfiguration;
			buildSettings = {
				ASSETCATALOG_COMPILER_APPICON_NAME = AppIcon;
				INFOPLIST_FILE = NextTimers/Info.plist;
				LD_RUNPATH_SEARCH_PATHS = "$(inherited) @executable_path/Frameworks";
				PRODUCT_NAME = "$(TARGET_NAME)";
			};
			name = Release;
		};
		20609FC81A6EC4F0002CCC88 /* Debug */ = {
			isa = XCBuildConfiguration;
			buildSettings = {
				BUNDLE_LOADER = "$(TEST_HOST)";
				FRAMEWORK_SEARCH_PATHS = (
					"$(SDKROOT)/Developer/Library/Frameworks",
					"$(inherited)",
				);
				GCC_PREPROCESSOR_DEFINITIONS = (
					"DEBUG=1",
					"$(inherited)",
				);
				INFOPLIST_FILE = NextTimersTests/Info.plist;
				LD_RUNPATH_SEARCH_PATHS = "$(inherited) @executable_path/Frameworks @loader_path/Frameworks";
				PRODUCT_NAME = "$(TARGET_NAME)";
				TEST_HOST = "$(BUILT_PRODUCTS_DIR)/NextTimers.app/NextTimers";
			};
			name = Debug;
		};
		20609FC91A6EC4F0002CCC88 /* Release */ = {
			isa = XCBuildConfiguration;
			buildSettings = {
				BUNDLE_LOADER = "$(TEST_HOST)";
				FRAMEWORK_SEARCH_PATHS = (
					"$(SDKROOT)/Developer/Library/Frameworks",
					"$(inherited)",
				);
				INFOPLIST_FILE = NextTimersTests/Info.plist;
				LD_RUNPATH_SEARCH_PATHS = "$(inherited) @executable_path/Frameworks @loader_path/Frameworks";
				PRODUCT_NAME = "$(TARGET_NAME)";
				TEST_HOST = "$(BUILT_PRODUCTS_DIR)/NextTimers.app/NextTimers";
			};
			name = Release;
		};
/* End XCBuildConfiguration section */

/* Begin XCConfigurationList section */
		20609F9D1A6EC4F0002CCC88 /* Build configuration list for PBXProject "NextTimers" */ = {
			isa = XCConfigurationList;
			buildConfigurations = (
				20609FC21A6EC4F0002CCC88 /* Debug */,
				20609FC31A6EC4F0002CCC88 /* Release */,
			);
			defaultConfigurationIsVisible = 0;
			defaultConfigurationName = Release;
		};
		20609FC41A6EC4F0002CCC88 /* Build configuration list for PBXNativeTarget "NextTimers" */ = {
			isa = XCConfigurationList;
			buildConfigurations = (
				20609FC51A6EC4F0002CCC88 /* Debug */,
				20609FC61A6EC4F0002CCC88 /* Release */,
			);
			defaultConfigurationIsVisible = 0;
		};
		20609FC71A6EC4F0002CCC88 /* Build configuration list for PBXNativeTarget "NextTimersTests" */ = {
			isa = XCConfigurationList;
			buildConfigurations = (
				20609FC81A6EC4F0002CCC88 /* Debug */,
				20609FC91A6EC4F0002CCC88 /* Release */,
			);
			defaultConfigurationIsVisible = 0;
		};
/* End XCConfigurationList section */

/* Begin XCVersionGroup section */
		20609FA91A6EC4F0002CCC88 /* NextTimers.xcdatamodeld */ = {
			isa = XCVersionGroup;
			children = (
				20609FAA1A6EC4F0002CCC88 /* NextTimers.xcdatamodel */,
			);
			currentVersion = 20609FAA1A6EC4F0002CCC88 /* NextTimers.xcdatamodel */;
			path = NextTimers.xcdatamodeld;
			sourceTree = "<group>";
			versionGroupType = wrapper.xcdatamodel;
		};
/* End XCVersionGroup section */
	};
	rootObject = 20609F9A1A6EC4F0002CCC88 /* Project object */;
}
